
Microsoft Visual Studio Solution File, Format Version 12.00
# Visual Studio Version 16
VisualStudioVersion = 16.0.29215.179
MinimumVisualStudioVersion = 10.0.40219.1
Project("{FAE04EC0-301F-11D3-BF4B-00C04F79EFBC}") = "APP", "APP\APP.csproj", "{7E8F8344-5BDA-4200-8BF2-70DC0A2311CB}"
EndProject
Global
	GlobalSection(SolutionConfigurationPlatforms) = preSolution
		Debug|Any CPU = Debug|Any CPU
		Release|Any CPU = Release|Any CPU
	EndGlobalSection
	GlobalSection(ProjectConfigurationPlatforms) = postSolution
		{7E8F8344-5BDA-4200-8BF2-70DC0A2311CB}.Debug|Any CPU.ActiveCfg = Debug|Any CPU
		{7E8F8344-5BDA-4200-8BF2-70DC0A2311CB}.Debug|Any CPU.Build.0 = Debug|Any CPU
		{7E8F8344-5BDA-4200-8BF2-70DC0A2311CB}.Release|Any CPU.ActiveCfg = Release|Any CPU
		{7E8F8344-5BDA-4200-8BF2-70DC0A2311CB}.Release|Any CPU.Build.0 = Release|Any CPU
	EndGlobalSection
	GlobalSection(SolutionProperties) = preSolution
		HideSolutionNode = FALSE
	EndGlobalSection
	GlobalSection(ExtensibilityGlobals) = postSolution
		SolutionGuid = {B95E52A6-9112-4D8A-9D92-37A7AEF97CEF}
	EndGlobalSection
EndGlobal
